<Project xmlns="http://schemas.microsoft.com/developer/msbuild/2003">
    <PropertyGroup>
        <ProjectGuid>{4e0eed4e-ac2a-453c-a55a-2b516c69cfaa}</ProjectGuid>
        <MainSource>ProductivityExperts.dpk</MainSource>
        <Configuration Condition=" '$(Configuration)' == '' ">Debug</Configuration>
        <DCC_DCCCompiler>DCC32</DCC_DCCCompiler>
        <DCC_DependencyCheckOutputName>C:\Documents and Settings\All Users\Documents\RAD Studio\5.0\Bpl\ProductivityExperts.bpl</DCC_DependencyCheckOutputName>
        <ProjectVersion>14.6</ProjectVersion>
        <Config Condition="'$(Config)'==''">Release</Config>
        <FrameworkType>VCL</FrameworkType>
        <Base>True</Base>
        <Platform Condition="'$(Platform)'==''">Win32</Platform>
        <TargetedPlatforms>1</TargetedPlatforms>
        <AppType>Package</AppType>
    </PropertyGroup>
    <PropertyGroup Condition="'$(Config)'=='Base' or '$(Base)'!=''">
        <Base>true</Base>
    </PropertyGroup>
    <PropertyGroup Condition="('$(Platform)'=='Win64' and '$(Base)'=='true') or '$(Base_Win64)'!=''">
        <Base_Win64>true</Base_Win64>
        <CfgParent>Base</CfgParent>
        <Base>true</Base>
    </PropertyGroup>
    <PropertyGroup Condition="('$(Platform)'=='Win32' and '$(Base)'=='true') or '$(Base_Win32)'!=''">
        <Base_Win32>true</Base_Win32>
        <CfgParent>Base</CfgParent>
        <Base>true</Base>
    </PropertyGroup>
    <PropertyGroup Condition="'$(Config)'=='Release' or '$(Cfg_1)'!=''">
        <Cfg_1>true</Cfg_1>
        <CfgParent>Base</CfgParent>
        <Base>true</Base>
    </PropertyGroup>
    <PropertyGroup Condition="'$(Config)'=='Debug' or '$(Cfg_2)'!=''">
        <Cfg_2>true</Cfg_2>
        <CfgParent>Base</CfgParent>
        <Base>true</Base>
    </PropertyGroup>
    <PropertyGroup Condition="('$(Platform)'=='Win32' and '$(Cfg_2)'=='true') or '$(Cfg_2_Win32)'!=''">
        <Cfg_2_Win32>true</Cfg_2_Win32>
        <CfgParent>Cfg_2</CfgParent>
        <Cfg_2>true</Cfg_2>
        <Base>true</Base>
    </PropertyGroup>
    <PropertyGroup Condition="'$(Base)'!=''">
        <VerInfo_Keys>CompanyName=Right Security Consultants, Singapore;FileDescription=Chee Wee&apos;s Productivity Experts 0.8;FileVersion=1.0.0.0;InternalName=ProductivityExperts;LegalCopyright=Chua Chee Wee © 2005;LegalTrademarks=;OriginalFilename=RegionExpert.bpl;ProductName=Chee Wee&apos;s Productivity Experts 0.8;ProductVersion=1.0.0.0</VerInfo_Keys>
        <VerInfo_IncludeVerInfo>true</VerInfo_IncludeVerInfo>
        <DCC_Namespace>Vcl;Vcl.Imaging;Vcl.Touch;Vcl.Samples;Vcl.Shell;System;Xml;Data;Datasnap;Web;Soap;Winapi;System.Win;$(DCC_Namespace)</DCC_Namespace>
        <VerInfo_Locale>2057</VerInfo_Locale>
        <DCC_ImageBase>00400000</DCC_ImageBase>
        <DCC_DependencyCheckOutputName>C:\trunk\bin\ProductivityExperts.bpl</DCC_DependencyCheckOutputName>
        <DCC_Description>Chee Wee&apos;s Productivity Experts 0.8</DCC_Description>
        <DesignOnlyPackage>true</DesignOnlyPackage>
        <GenDll>true</GenDll>
        <GenPackage>true</GenPackage>
    </PropertyGroup>
    <PropertyGroup Condition="'$(Base_Win64)'!=''">
        <Icon_MainIcon>ProductivityExperts_Icon.ico</Icon_MainIcon>
    </PropertyGroup>
    <PropertyGroup Condition="'$(Base_Win32)'!=''">
        <DCC_Namespace>Data.Win;Datasnap.Win;Web.Win;Soap.Win;Xml.Win;Bde;$(DCC_Namespace)</DCC_Namespace>
        <Icon_MainIcon>ProductivityExperts_Icon.ico</Icon_MainIcon>
        <Debugger_HostApplication>C:\Program Files\Borland\BDS\4.0\Bin\bds.exe</Debugger_HostApplication>
        <Debugger_RunParams>-pDelphi</Debugger_RunParams>
    </PropertyGroup>
    <PropertyGroup Condition="'$(Cfg_1)'!=''">
        <Version>7.0</Version>
        <DCC_DebugInformation>False</DCC_DebugInformation>
        <DCC_LocalDebugSymbols>False</DCC_LocalDebugSymbols>
        <DCC_SymbolReferenceInfo>0</DCC_SymbolReferenceInfo>
        <DCC_Hints>False</DCC_Hints>
        <DCC_NameSpace>chuacw.ProductivityExperts;$(DCC_NameSpace)</DCC_NameSpace>
        <DCC_OutputXMLDocumentation>True</DCC_OutputXMLDocumentation>
        <DCC_UnitSearchPath>$(DELPHI)\Lib\Debug</DCC_UnitSearchPath>
        <DCC_ResourcePath>$(DELPHI)\Lib\Debug</DCC_ResourcePath>
        <DCC_ObjPath>$(DELPHI)\Lib\Debug</DCC_ObjPath>
        <DCC_IncludePath>$(DELPHI)\Lib\Debug</DCC_IncludePath>
        <DCC_Define>RELEASE</DCC_Define>
        <DCC_UNIT_INIT_SEQ>False</DCC_UNIT_INIT_SEQ>
        <DCC_LOCAL_PINVOKE>False</DCC_LOCAL_PINVOKE>
    </PropertyGroup>
    <PropertyGroup Condition="'$(Cfg_2)'!=''">
        <Version>7.0</Version>
        <DCC_Hints>False</DCC_Hints>
        <DCC_NameSpace>chuacw.ProductivityExperts;$(DCC_NameSpace)</DCC_NameSpace>
        <DCC_OutputXMLDocumentation>True</DCC_OutputXMLDocumentation>
        <DCC_UnitSearchPath>$(DELPHI)\Lib\Debug</DCC_UnitSearchPath>
        <DCC_ResourcePath>$(DELPHI)\Lib\Debug</DCC_ResourcePath>
        <DCC_ObjPath>$(DELPHI)\Lib\Debug</DCC_ObjPath>
        <DCC_IncludePath>$(DELPHI)\Lib\Debug</DCC_IncludePath>
        <DCC_Define>DEBUG</DCC_Define>
        <DCC_UNIT_INIT_SEQ>False</DCC_UNIT_INIT_SEQ>
        <DCC_LOCAL_PINVOKE>False</DCC_LOCAL_PINVOKE>
    </PropertyGroup>
    <PropertyGroup Condition="'$(Cfg_2_Win32)'!=''">
        <DCC_Namespace>Winapi;System.Win;Data.Win;Datasnap.Win;Web.Win;Soap.Win;Xml.Win;Bde;Vcl;Vcl.Imaging;Vcl.Touch;Vcl.Samples;Vcl.Shell;System;Xml;Data;Datasnap;Web;Soap</DCC_Namespace>
    </PropertyGroup>
    <ItemGroup>
        <DelphiCompile Include="$(MainSource)">
            <MainSource>MainSource</MainSource>
        </DelphiCompile>
        <DCCReference Include="designide.dcp"/>
        <DCCReference Include="rtl.dcp"/>
        <DCCReference Include="vcl.dcp"/>
        <DCCReference Include="ProductivityExpertImpl.pas"/>
        <DCCReference Include="XMLCommentsParserImpl.pas"/>
        <DCCReference Include="DeclParserIntf.pas"/>
        <DCCReference Include="DelphiParserImpl.pas"/>
        <DCCReference Include="TextUtils.pas"/>
        <DCCReference Include="ProductivityExpertsOTAUtils.pas"/>
        <DCCReference Include="ProductivityExpertsProductInfoImpl.pas"/>
        <DCCReference Include="RegionExpertImpl.pas"/>
        <DCCReference Include="MSDNExpertImpl.pas"/>
        <None Include="readme.htm"/>
        <BuildConfiguration Include="Debug">
            <Key>Cfg_2</Key>
            <CfgParent>Base</CfgParent>
        </BuildConfiguration>
        <BuildConfiguration Include="Base">
            <Key>Base</Key>
        </BuildConfiguration>
        <BuildConfiguration Include="Release">
            <Key>Cfg_1</Key>
            <CfgParent>Base</CfgParent>
        </BuildConfiguration>
    </ItemGroup>
    <Import Condition="Exists('$(BDS)\Bin\CodeGear.Delphi.Targets')" Project="$(BDS)\Bin\CodeGear.Delphi.Targets"/>
    <ProjectExtensions>
        <Borland.Personality>Delphi.Personality.12</Borland.Personality>
        <Borland.ProjectType>Package</Borland.ProjectType>
        <BorlandProject>
            <Delphi.Personality>
                <Parameters>
                    <Parameters Name="RunParams">-pDelphi</Parameters>
                    <Parameters Name="HostApplication">C:\Program Files\Borland\BDS\4.0\Bin\bds.exe</Parameters>
                    <Parameters Name="UseLauncher">False</Parameters>
                    <Parameters Name="LoadAllSymbols">True</Parameters>
                    <Parameters Name="LoadUnspecifiedSymbols">False</Parameters>
                </Parameters>
                <VersionInfo>
                    <VersionInfo Name="IncludeVerInfo">True</VersionInfo>
                    <VersionInfo Name="AutoIncBuild">False</VersionInfo>
                    <VersionInfo Name="MajorVer">1</VersionInfo>
                    <VersionInfo Name="MinorVer">0</VersionInfo>
                    <VersionInfo Name="Release">0</VersionInfo>
                    <VersionInfo Name="Build">0</VersionInfo>
                    <VersionInfo Name="Debug">False</VersionInfo>
                    <VersionInfo Name="PreRelease">False</VersionInfo>
                    <VersionInfo Name="Special">False</VersionInfo>
                    <VersionInfo Name="Private">False</VersionInfo>
                    <VersionInfo Name="DLL">False</VersionInfo>
                    <VersionInfo Name="Locale">2057</VersionInfo>
                    <VersionInfo Name="CodePage">1252</VersionInfo>
                </VersionInfo>
                <VersionInfoKeys>
                    <VersionInfoKeys Name="CompanyName">Right Security Consultants, Singapore</VersionInfoKeys>
                    <VersionInfoKeys Name="FileDescription">Chee Wee&apos;s Productivity Experts 0.8</VersionInfoKeys>
                    <VersionInfoKeys Name="FileVersion">1.0.0.0</VersionInfoKeys>
                    <VersionInfoKeys Name="InternalName">ProductivityExperts</VersionInfoKeys>
                    <VersionInfoKeys Name="LegalCopyright">Chua Chee Wee © 2005</VersionInfoKeys>
                    <VersionInfoKeys Name="LegalTrademarks"/>
                    <VersionInfoKeys Name="OriginalFilename">RegionExpert.bpl</VersionInfoKeys>
                    <VersionInfoKeys Name="ProductName">Chee Wee&apos;s Productivity Experts 0.8</VersionInfoKeys>
                    <VersionInfoKeys Name="ProductVersion">1.0.0.0</VersionInfoKeys>
                </VersionInfoKeys>
                <Source>
                    <Source Name="MainSource">ProductivityExperts.dpk</Source>
                </Source>
            </Delphi.Personality>
            <Platforms>
                <Platform value="iOSDevice">False</Platform>
                <Platform value="iOSSimulator">False</Platform>
                <Platform value="Win32">True</Platform>
                <Platform value="Win64">False</Platform>
            </Platforms>
        </BorlandProject>
        <ProjectFileVersion>12</ProjectFileVersion>
    </ProjectExtensions>
    <Import Condition="Exists('$(APPDATA)\Embarcadero\$(BDSAPPDATABASEDIR)\$(PRODUCTVERSION)\UserTools.proj')" Project="$(APPDATA)\Embarcadero\$(BDSAPPDATABASEDIR)\$(PRODUCTVERSION)\UserTools.proj"/>
</Project>
